<?xml version="1.0" encoding="utf-8"?>
<Project ToolsVersion="4.0" xmlns="http://schemas.microsoft.com/developer/msbuild/2003">
  <ItemGroup>
    <Filter Include="src">
      <UniqueIdentifier>{4FC737F1-C7A5-4376-A066-2A32D752A2FF}</UniqueIdentifier>
    </Filter>
    <Filter Include="src\headers">
      <UniqueIdentifier>{93995380-89BD-4b04-88EB-625FBE52EBFB}</UniqueIdentifier>
    </Filter>
    <Filter Include="src\deps">
      <UniqueIdentifier>{67DA6AB6-F800-4c08-8B7A-83BB121AAD01}</UniqueIdentifier>
    </Filter>
    <Filter Include="Resource Files">
      <UniqueIdentifier>{67DA6AB6-F800-4c08-8B7A-83BB121AAD01}</UniqueIdentifier>
      <Extensions>rc;ico;cur;bmp;dlg;rc2;rct;bin;rgs;gif;jpg;jpeg;jpe;resx;tiff;tif;png;wav;mfcribbon-ms</Extensions>
    </Filter>
  </ItemGroup>
  <ItemGroup>
    <ClCompile Include="src\api\auth.cpp" />
    <ClCompile Include="src\api\library.cpp" />
    <ClCompile Include="src\core\functional\animations.cpp" />
    <ClCompile Include="src\core\functional\misc.cpp" />
    <ClCompile Include="src\core\functional\window.cpp" />
    <ClCompile Include="src\core\items\announcement.cpp" />
    <ClCompile Include="src\core\items\button.cpp" />
    <ClCompile Include="src\core\items\checkbox.cpp" />
    <ClCompile Include="src\core\items\custom.cpp" />
    <ClCompile Include="src\core\items\input.cpp" />
    <ClCompile Include="src\core\items\product.cpp" />
    <ClCompile Include="src\core\items\profile.cpp" />
    <ClCompile Include="src\core\items\tab.cpp" />
    <ClCompile Include="src\main.cpp" />
    <ClCompile Include="src\modules\freetype\imgui_freetype.cpp" />
    <ClCompile Include="src\modules\freetype\include\imgui_freetype.cpp" />
    <ClCompile Include="src\modules\imgui\imgui.cpp" />
    <ClCompile Include="src\modules\imgui\imgui_demo.cpp" />
    <ClCompile Include="src\modules\imgui\imgui_draw.cpp" />
    <ClCompile Include="src\modules\imgui\imgui_impl_dx11.cpp" />
    <ClCompile Include="src\modules\imgui\imgui_impl_win32.cpp" />
    <ClCompile Include="src\modules\imgui\imgui_tables.cpp" />
    <ClCompile Include="src\modules\imgui\imgui_widgets.cpp" />
  </ItemGroup>
  <ItemGroup>
    <ClInclude Include="src\includes\api\auth.hpp" />
    <ClInclude Include="src\includes\api\common.hpp" />
    <ClInclude Include="src\includes\core\colors.hpp" />
    <ClInclude Include="src\data\fonts.h" />
    <ClInclude Include="src\data\images.h" />
    <ClInclude Include="src\includes\core\animations.h" />
    <ClInclude Include="src\includes\core\main.hpp" />
    <ClInclude Include="src\includes\core\items\custom.hpp" />
    <ClInclude Include="src\headers\api\discord.hpp" />
    <ClInclude Include="src\includes\api\library.hpp" />
    <ClInclude Include="src\deps\httplib.h" />
    <ClInclude Include="src\deps\json.hpp" />
    <ClInclude Include="src\modules\freetype\imgui_freetype.h" />
    <ClInclude Include="src\modules\freetype\include\freetype\config\ftconfig.h" />
    <ClInclude Include="src\modules\freetype\include\freetype\config\ftheader.h" />
    <ClInclude Include="src\modules\freetype\include\freetype\config\ftmodule.h" />
    <ClInclude Include="src\modules\freetype\include\freetype\config\ftoption.h" />
    <ClInclude Include="src\modules\freetype\include\freetype\config\ftstdlib.h" />
    <ClInclude Include="src\modules\freetype\include\freetype\config\integer-types.h" />
    <ClInclude Include="src\modules\freetype\include\freetype\config\mac-support.h" />
    <ClInclude Include="src\modules\freetype\include\freetype\config\public-macros.h" />
    <ClInclude Include="src\modules\freetype\include\freetype\freetype.h" />
    <ClInclude Include="src\modules\freetype\include\freetype\ftadvanc.h" />
    <ClInclude Include="src\modules\freetype\include\freetype\ftbbox.h" />
    <ClInclude Include="src\modules\freetype\include\freetype\ftbdf.h" />
    <ClInclude Include="src\modules\freetype\include\freetype\ftbitmap.h" />
    <ClInclude Include="src\modules\freetype\include\freetype\ftbzip2.h" />
    <ClInclude Include="src\modules\freetype\include\freetype\ftcache.h" />
    <ClInclude Include="src\modules\freetype\include\freetype\ftchapters.h" />
    <ClInclude Include="src\modules\freetype\include\freetype\ftcid.h" />
    <ClInclude Include="src\modules\freetype\include\freetype\ftcolor.h" />
    <ClInclude Include="src\modules\freetype\include\freetype\ftdriver.h" />
    <ClInclude Include="src\modules\freetype\include\freetype\fterrdef.h" />
    <ClInclude Include="src\modules\freetype\include\freetype\fterrors.h" />
    <ClInclude Include="src\modules\freetype\include\freetype\ftfntfmt.h" />
    <ClInclude Include="src\modules\freetype\include\freetype\ftgasp.h" />
    <ClInclude Include="src\modules\freetype\include\freetype\ftglyph.h" />
    <ClInclude Include="src\modules\freetype\include\freetype\ftgxval.h" />
    <ClInclude Include="src\modules\freetype\include\freetype\ftgzip.h" />
    <ClInclude Include="src\modules\freetype\include\freetype\ftimage.h" />
    <ClInclude Include="src\modules\freetype\include\freetype\ftincrem.h" />
    <ClInclude Include="src\modules\freetype\include\freetype\ftlcdfil.h" />
    <ClInclude Include="src\modules\freetype\include\freetype\ftlist.h" />
    <ClInclude Include="src\modules\freetype\include\freetype\ftlogging.h" />
    <ClInclude Include="src\modules\freetype\include\freetype\ftlzw.h" />
    <ClInclude Include="src\modules\freetype\include\freetype\ftmac.h" />
    <ClInclude Include="src\modules\freetype\include\freetype\ftmm.h" />
    <ClInclude Include="src\modules\freetype\include\freetype\ftmodapi.h" />
    <ClInclude Include="src\modules\freetype\include\freetype\ftmoderr.h" />
    <ClInclude Include="src\modules\freetype\include\freetype\ftotval.h" />
    <ClInclude Include="src\modules\freetype\include\freetype\ftoutln.h" />
    <ClInclude Include="src\modules\freetype\include\freetype\ftparams.h" />
    <ClInclude Include="src\modules\freetype\include\freetype\ftpfr.h" />
    <ClInclude Include="src\modules\freetype\include\freetype\ftrender.h" />
    <ClInclude Include="src\modules\freetype\include\freetype\ftsizes.h" />
    <ClInclude Include="src\modules\freetype\include\freetype\ftsnames.h" />
    <ClInclude Include="src\modules\freetype\include\freetype\ftstroke.h" />
    <ClInclude Include="src\modules\freetype\include\freetype\ftsynth.h" />
    <ClInclude Include="src\modules\freetype\include\freetype\ftsystem.h" />
    <ClInclude Include="src\modules\freetype\include\freetype\fttrigon.h" />
    <ClInclude Include="src\modules\freetype\include\freetype\fttypes.h" />
    <ClInclude Include="src\modules\freetype\include\freetype\ftwinfnt.h" />
    <ClInclude Include="src\modules\freetype\include\freetype\otsvg.h" />
    <ClInclude Include="src\modules\freetype\include\freetype\t1tables.h" />
    <ClInclude Include="src\modules\freetype\include\freetype\ttnameid.h" />
    <ClInclude Include="src\modules\freetype\include\freetype\tttables.h" />
    <ClInclude Include="src\modules\freetype\include\freetype\tttags.h" />
    <ClInclude Include="src\modules\freetype\include\ft2build.h" />
    <ClInclude Include="src\modules\freetype\include\imgui_freetype.h" />
    <ClInclude Include="src\modules\imgui\imconfig.h" />
    <ClInclude Include="src\modules\imgui\imgui.h" />
    <ClInclude Include="src\modules\imgui\imgui_impl_dx11.h" />
    <ClInclude Include="src\modules\imgui\imgui_impl_win32.h" />
    <ClInclude Include="src\modules\imgui\imgui_internal.h" />
    <ClInclude Include="src\modules\imgui\imstb_rectpack.h" />
    <ClInclude Include="src\modules\imgui\imstb_textedit.h" />
    <ClInclude Include="src\modules\imgui\imstb_truetype.h" />
  </ItemGroup>
  <ItemGroup>
    <Library Include="src\modules\freetype\win64\freetype.lib" />
  </ItemGroup>
</Project>